// !$*UTF8*$!
{
	archiveVersion = 1;
	classes = {
	};
	objectVersion = 46;
	objects = {

/* Begin PBXBuildFile section */
		26910DBE1F60B12100A82AF2 /* AppDelegate.swift in Sources */ = {isa = PBXBuildFile; fileRef = 26910DBD1F60B12100A82AF2 /* AppDelegate.swift */; };
		26910DC01F60B12100A82AF2 /* ViewController.swift in Sources */ = {isa = PBXBuildFile; fileRef = 26910DBF1F60B12100A82AF2 /* ViewController.swift */; };
		26910DC21F60B12100A82AF2 /* Assets.xcassets in Resources */ = {isa = PBXBuildFile; fileRef = 26910DC11F60B12100A82AF2 /* Assets.xcassets */; };
		26910DC51F60B12100A82AF2 /* Main.storyboard in Resources */ = {isa = PBXBuildFile; fileRef = 26910DC31F60B12100A82AF2 /* Main.storyboard */; };
		26FF9914201E085700E405A1 /* Countdowner.swift in Sources */ = {isa = PBXBuildFile; fileRef = 26FF9913201E085700E405A1 /* Countdowner.swift */; };
		26FF9916201E7D0600E405A1 /* Preferences.swift in Sources */ = {isa = PBXBuildFile; fileRef = 26FF9915201E7D0600E405A1 /* Preferences.swift */; };
		26FF9918201E7D1700E405A1 /* WindowSettings.swift in Sources */ = {isa = PBXBuildFile; fileRef = 26FF9917201E7D1700E405A1 /* WindowSettings.swift */; };
		26FF9921201F421100E405A1 /* AppDelegate.swift in Sources */ = {isa = PBXBuildFile; fileRef = 26FF9920201F421100E405A1 /* AppDelegate.swift */; };
		26FF9923201F421100E405A1 /* ViewController.swift in Sources */ = {isa = PBXBuildFile; fileRef = 26FF9922201F421100E405A1 /* ViewController.swift */; };
		26FF9926201F421100E405A1 /* Main.storyboard in Resources */ = {isa = PBXBuildFile; fileRef = 26FF9924201F421100E405A1 /* Main.storyboard */; };
		26FF9928201F421200E405A1 /* Assets.xcassets in Resources */ = {isa = PBXBuildFile; fileRef = 26FF9927201F421200E405A1 /* Assets.xcassets */; };
		26FF992B201F421200E405A1 /* LaunchScreen.storyboard in Resources */ = {isa = PBXBuildFile; fileRef = 26FF9929201F421200E405A1 /* LaunchScreen.storyboard */; };
/* End PBXBuildFile section */

/* Begin PBXFileReference section */
		26910DBA1F60B12100A82AF2 /* Countdowner.app */ = {isa = PBXFileReference; explicitFileType = wrapper.application; includeInIndex = 0; path = Countdowner.app; sourceTree = BUILT_PRODUCTS_DIR; };
		26910DBD1F60B12100A82AF2 /* AppDelegate.swift */ = {isa = PBXFileReference; lastKnownFileType = sourcecode.swift; path = AppDelegate.swift; sourceTree = "<group>"; };
		26910DBF1F60B12100A82AF2 /* ViewController.swift */ = {isa = PBXFileReference; lastKnownFileType = sourcecode.swift; path = ViewController.swift; sourceTree = "<group>"; };
		26910DC11F60B12100A82AF2 /* Assets.xcassets */ = {isa = PBXFileReference; lastKnownFileType = folder.assetcatalog; path = Assets.xcassets; sourceTree = "<group>"; };
		26910DC41F60B12100A82AF2 /* Base */ = {isa = PBXFileReference; lastKnownFileType = file.storyboard; name = Base; path = Base.lproj/Main.storyboard; sourceTree = "<group>"; };
		26910DC61F60B12100A82AF2 /* Info.plist */ = {isa = PBXFileReference; lastKnownFileType = text.plist.xml; path = Info.plist; sourceTree = "<group>"; };
		26FF9913201E085700E405A1 /* Countdowner.swift */ = {isa = PBXFileReference; lastKnownFileType = sourcecode.swift; path = Countdowner.swift; sourceTree = "<group>"; };
		26FF9915201E7D0600E405A1 /* Preferences.swift */ = {isa = PBXFileReference; lastKnownFileType = sourcecode.swift; path = Preferences.swift; sourceTree = "<group>"; };
		26FF9917201E7D1700E405A1 /* WindowSettings.swift */ = {isa = PBXFileReference; lastKnownFileType = sourcecode.swift; path = WindowSettings.swift; sourceTree = "<group>"; };
		26FF991E201F421100E405A1 /* Countdowner iOS.app */ = {isa = PBXFileReference; explicitFileType = wrapper.application; includeInIndex = 0; path = "Countdowner iOS.app"; sourceTree = BUILT_PRODUCTS_DIR; };
		26FF9920201F421100E405A1 /* AppDelegate.swift */ = {isa = PBXFileReference; lastKnownFileType = sourcecode.swift; path = AppDelegate.swift; sourceTree = "<group>"; };
		26FF9922201F421100E405A1 /* ViewController.swift */ = {isa = PBXFileReference; lastKnownFileType = sourcecode.swift; path = ViewController.swift; sourceTree = "<group>"; };
		26FF9925201F421100E405A1 /* Base */ = {isa = PBXFileReference; lastKnownFileType = file.storyboard; name = Base; path = Base.lproj/Main.storyboard; sourceTree = "<group>"; };
		26FF9927201F421200E405A1 /* Assets.xcassets */ = {isa = PBXFileReference; lastKnownFileType = folder.assetcatalog; path = Assets.xcassets; sourceTree = "<group>"; };
		26FF992A201F421200E405A1 /* Base */ = {isa = PBXFileReference; lastKnownFileType = file.storyboard; name = Base; path = Base.lproj/LaunchScreen.storyboard; sourceTree = "<group>"; };
		26FF992C201F421200E405A1 /* Info.plist */ = {isa = PBXFileReference; lastKnownFileType = text.plist.xml; path = Info.plist; sourceTree = "<group>"; };
/* End PBXFileReference section */

/* Begin PBXFrameworksBuildPhase section */
		26910DB71F60B12100A82AF2 /* Frameworks */ = {
			isa = PBXFrameworksBuildPhase;
			buildActionMask = 2147483647;
			files = (
			);
			runOnlyForDeploymentPostprocessing = 0;
		};
		26FF991B201F421100E405A1 /* Frameworks */ = {
			isa = PBXFrameworksBuildPhase;
			buildActionMask = 2147483647;
			files = (
			);
			runOnlyForDeploymentPostprocessing = 0;
		};
/* End PBXFrameworksBuildPhase section */

/* Begin PBXGroup section */
		26910DB11F60B12100A82AF2 = {
			isa = PBXGroup;
			children = (
				26910DBC1F60B12100A82AF2 /* Countdowner */,
				26FF991F201F421100E405A1 /* Countdowner iOS */,
				26910DBB1F60B12100A82AF2 /* Products */,
			);
			sourceTree = "<group>";
		};
		26910DBB1F60B12100A82AF2 /* Products */ = {
			isa = PBXGroup;
			children = (
				26910DBA1F60B12100A82AF2 /* Countdowner.app */,
				26FF991E201F421100E405A1 /* Countdowner iOS.app */,
			);
			name = Products;
			sourceTree = "<group>";
		};
		26910DBC1F60B12100A82AF2 /* Countdowner */ = {
			isa = PBXGroup;
			children = (
				26910DCF1F60B31300A82AF2 /* Model */,
				26910DCC1F60B2EA00A82AF2 /* View */,
				26910DCE1F60B30700A82AF2 /* Controller */,
				26910DC11F60B12100A82AF2 /* Assets.xcassets */,
				26910DC61F60B12100A82AF2 /* Info.plist */,
			);
			path = Countdowner;
			sourceTree = "<group>";
		};
		26910DCC1F60B2EA00A82AF2 /* View */ = {
			isa = PBXGroup;
			children = (
				26910DC31F60B12100A82AF2 /* Main.storyboard */,
			);
			name = View;
			sourceTree = "<group>";
		};
		26910DCE1F60B30700A82AF2 /* Controller */ = {
			isa = PBXGroup;
			children = (
				26910DBF1F60B12100A82AF2 /* ViewController.swift */,
			);
			name = Controller;
			sourceTree = "<group>";
		};
		26910DCF1F60B31300A82AF2 /* Model */ = {
			isa = PBXGroup;
			children = (
				26910DBD1F60B12100A82AF2 /* AppDelegate.swift */,
				26FF9913201E085700E405A1 /* Countdowner.swift */,
				26FF9915201E7D0600E405A1 /* Preferences.swift */,
				26FF9917201E7D1700E405A1 /* WindowSettings.swift */,
			);
			name = Model;
			sourceTree = "<group>";
		};
		26FF991F201F421100E405A1 /* Countdowner iOS */ = {
			isa = PBXGroup;
			children = (
				26FF9930201F435100E405A1 /* Model */,
				26FF9932201F436300E405A1 /* View */,
				26FF9931201F435900E405A1 /* Controller */,
				26FF9927201F421200E405A1 /* Assets.xcassets */,
				26FF992C201F421200E405A1 /* Info.plist */,
			);
			path = "Countdowner iOS";
			sourceTree = "<group>";
		};
		26FF9930201F435100E405A1 /* Model */ = {
			isa = PBXGroup;
			children = (
				26FF9920201F421100E405A1 /* AppDelegate.swift */,
			);
			path = Model;
			sourceTree = "<group>";
		};
		26FF9931201F435900E405A1 /* Controller */ = {
			isa = PBXGroup;
			children = (
				26FF9922201F421100E405A1 /* ViewController.swift */,
			);
			path = Controller;
			sourceTree = "<group>";
		};
		26FF9932201F436300E405A1 /* View */ = {
			isa = PBXGroup;
			children = (
				26FF9924201F421100E405A1 /* Main.storyboard */,
				26FF9929201F421200E405A1 /* LaunchScreen.storyboard */,
			);
			path = View;
			sourceTree = "<group>";
		};
/* End PBXGroup section */

/* Begin PBXNativeTarget section */
		26910DB91F60B12100A82AF2 /* Countdowner */ = {
			isa = PBXNativeTarget;
			buildConfigurationList = 26910DC91F60B12100A82AF2 /* Build configuration list for PBXNativeTarget "Countdowner" */;
			buildPhases = (
				26910DB61F60B12100A82AF2 /* Sources */,
				26910DB71F60B12100A82AF2 /* Frameworks */,
				26FF9919201E814700E405A1 /* ShellScript */,
				26910DB81F60B12100A82AF2 /* Resources */,
			);
			buildRules = (
			);
			dependencies = (
			);
			name = Countdowner;
			productName = Countdowner;
			productReference = 26910DBA1F60B12100A82AF2 /* Countdowner.app */;
			productType = "com.apple.product-type.application";
		};
		26FF991D201F421100E405A1 /* Countdowner iOS */ = {
			isa = PBXNativeTarget;
			buildConfigurationList = 26FF992D201F421200E405A1 /* Build configuration list for PBXNativeTarget "Countdowner iOS" */;
			buildPhases = (
				26FF991A201F421100E405A1 /* Sources */,
				26FF991B201F421100E405A1 /* Frameworks */,
				26FF991C201F421100E405A1 /* Resources */,
			);
			buildRules = (
			);
			dependencies = (
			);
			name = "Countdowner iOS";
			productName = "Countdowner iOS";
			productReference = 26FF991E201F421100E405A1 /* Countdowner iOS.app */;
			productType = "com.apple.product-type.application";
		};
/* End PBXNativeTarget section */

/* Begin PBXProject section */
		26910DB21F60B12100A82AF2 /* Project object */ = {
			isa = PBXProject;
			attributes = {
				LastSwiftUpdateCheck = 0900;
				LastUpgradeCheck = 0900;
				ORGANIZATIONNAME = "Rafael Almeida";
				TargetAttributes = {
					26910DB91F60B12100A82AF2 = {
						CreatedOnToolsVersion = 8.3.3;
						DevelopmentTeam = 2C25YQ4V5V;
						LastSwiftMigration = 0900;
						ProvisioningStyle = Automatic;
					};
					26FF991D201F421100E405A1 = {
						CreatedOnToolsVersion = 9.0;
						DevelopmentTeam = 2C25YQ4V5V;
						ProvisioningStyle = Automatic;
					};
				};
			};
			buildConfigurationList = 26910DB51F60B12100A82AF2 /* Build configuration list for PBXProject "Countdowner" */;
			compatibilityVersion = "Xcode 3.2";
			developmentRegion = English;
			hasScannedForEncodings = 0;
			knownRegions = (
				en,
				Base,
			);
			mainGroup = 26910DB11F60B12100A82AF2;
			productRefGroup = 26910DBB1F60B12100A82AF2 /* Products */;
			projectDirPath = "";
			projectRoot = "";
			targets = (
				26910DB91F60B12100A82AF2 /* Countdowner */,
				26FF991D201F421100E405A1 /* Countdowner iOS */,
			);
		};
/* End PBXProject section */

/* Begin PBXResourcesBuildPhase section */
		26910DB81F60B12100A82AF2 /* Resources */ = {
			isa = PBXResourcesBuildPhase;
			buildActionMask = 2147483647;
			files = (
				26910DC21F60B12100A82AF2 /* Assets.xcassets in Resources */,
				26910DC51F60B12100A82AF2 /* Main.storyboard in Resources */,
			);
			runOnlyForDeploymentPostprocessing = 0;
		};
		26FF991C201F421100E405A1 /* Resources */ = {
			isa = PBXResourcesBuildPhase;
			buildActionMask = 2147483647;
			files = (
				26FF992B201F421200E405A1 /* LaunchScreen.storyboard in Resources */,
				26FF9928201F421200E405A1 /* Assets.xcassets in Resources */,
				26FF9926201F421100E405A1 /* Main.storyboard in Resources */,
			);
			runOnlyForDeploymentPostprocessing = 0;
		};
/* End PBXResourcesBuildPhase section */

/* Begin PBXShellScriptBuildPhase section */
		26FF9919201E814700E405A1 /* ShellScript */ = {
			isa = PBXShellScriptBuildPhase;
			buildActionMask = 2147483647;
			files = (
			);
			inputPaths = (
			);
			outputPaths = (
			);
			runOnlyForDeploymentPostprocessing = 0;
			shellPath = /bin/sh;
			shellScript = "buildNumber=$(/usr/libexec/PlistBuddy -c \"Print CFBundleVersion\" \"${PROJECT_DIR}/${INFOPLIST_FILE}\")\nbuildNumber=$(($buildNumber + 1))\n/usr/libexec/PlistBuddy -c \"Set :CFBundleVersion $buildNumber\" \"${PROJECT_DIR}/${INFOPLIST_FILE}\"";
		};
/* End PBXShellScriptBuildPhase section */

/* Begin PBXSourcesBuildPhase section */
		26910DB61F60B12100A82AF2 /* Sources */ = {
			isa = PBXSourcesBuildPhase;
			buildActionMask = 2147483647;
			files = (
				26910DC01F60B12100A82AF2 /* ViewController.swift in Sources */,
				26FF9918201E7D1700E405A1 /* WindowSettings.swift in Sources */,
				26910DBE1F60B12100A82AF2 /* AppDelegate.swift in Sources */,
				26FF9916201E7D0600E405A1 /* Preferences.swift in Sources */,
				26FF9914201E085700E405A1 /* Countdowner.swift in Sources */,
			);
			runOnlyForDeploymentPostprocessing = 0;
		};
		26FF991A201F421100E405A1 /* Sources */ = {
			isa = PBXSourcesBuildPhase;
			buildActionMask = 2147483647;
			files = (
				26FF9923201F421100E405A1 /* ViewController.swift in Sources */,
				26FF9921201F421100E405A1 /* AppDelegate.swift in Sources */,
			);
			runOnlyForDeploymentPostprocessing = 0;
		};
/* End PBXSourcesBuildPhase section */

/* Begin PBXVariantGroup section */
		26910DC31F60B12100A82AF2 /* Main.storyboard */ = {
			isa = PBXVariantGroup;
			children = (
				26910DC41F60B12100A82AF2 /* Base */,
			);
			name = Main.storyboard;
			sourceTree = "<group>";
		};
		26FF9924201F421100E405A1 /* Main.storyboard */ = {
			isa = PBXVariantGroup;
			children = (
				26FF9925201F421100E405A1 /* Base */,
			);
			name = Main.storyboard;
			sourceTree = "<group>";
		};
		26FF9929201F421200E405A1 /* LaunchScreen.storyboard */ = {
			isa = PBXVariantGroup;
			children = (
				26FF992A201F421200E405A1 /* Base */,
			);
			name = LaunchScreen.storyboard;
			sourceTree = "<group>";
		};
/* End PBXVariantGroup section */

/* Begin XCBuildConfiguration section */
		26910DC71F60B12100A82AF2 /* Debug */ = {
			isa = XCBuildConfiguration;
			buildSettings = {
				ALWAYS_SEARCH_USER_PATHS = NO;
				CLANG_ANALYZER_NONNULL = YES;
				CLANG_ANALYZER_NUMBER_OBJECT_CONVERSION = YES_AGGRESSIVE;
				CLANG_CXX_LANGUAGE_STANDARD = "gnu++0x";
				CLANG_CXX_LIBRARY = "libc++";
				CLANG_ENABLE_MODULES = YES;
				CLANG_ENABLE_OBJC_ARC = YES;
				CLANG_WARN_BLOCK_CAPTURE_AUTORELEASING = YES;
				CLANG_WARN_BOOL_CONVERSION = YES;
				CLANG_WARN_COMMA = YES;
				CLANG_WARN_CONSTANT_CONVERSION = YES;
				CLANG_WARN_DIRECT_OBJC_ISA_USAGE = YES_ERROR;
				CLANG_WARN_DOCUMENTATION_COMMENTS = YES;
				CLANG_WARN_EMPTY_BODY = YES;
				CLANG_WARN_ENUM_CONVERSION = YES;
				CLANG_WARN_INFINITE_RECURSION = YES;
				CLANG_WARN_INT_CONVERSION = YES;
				CLANG_WARN_NON_LITERAL_NULL_CONVERSION = YES;
				CLANG_WARN_OBJC_LITERAL_CONVERSION = YES;
				CLANG_WARN_OBJC_ROOT_CLASS = YES_ERROR;
				CLANG_WARN_RANGE_LOOP_ANALYSIS = YES;
				CLANG_WARN_STRICT_PROTOTYPES = YES;
				CLANG_WARN_SUSPICIOUS_MOVE = YES;
				CLANG_WARN_UNREACHABLE_CODE = YES;
				CLANG_WARN__DUPLICATE_METHOD_MATCH = YES;
				CODE_SIGN_IDENTITY = "-";
				COPY_PHASE_STRIP = NO;
				DEBUG_INFORMATION_FORMAT = dwarf;
				ENABLE_STRICT_OBJC_MSGSEND = YES;
				ENABLE_TESTABILITY = YES;
				GCC_C_LANGUAGE_STANDARD = gnu99;
				GCC_DYNAMIC_NO_PIC = NO;
				GCC_NO_COMMON_BLOCKS = YES;
				GCC_OPTIMIZATION_LEVEL = 0;
				GCC_PREPROCESSOR_DEFINITIONS = (
					"DEBUG=1",
					"$(inherited)",
				);
				GCC_WARN_64_TO_32_BIT_CONVERSION = YES;
				GCC_WARN_ABOUT_RETURN_TYPE = YES_ERROR;
				GCC_WARN_UNDECLARED_SELECTOR = YES;
				GCC_WARN_UNINITIALIZED_AUTOS = YES_AGGRESSIVE;
				GCC_WARN_UNUSED_FUNCTION = YES;
				GCC_WARN_UNUSED_VARIABLE = YES;
				IPHONEOS_DEPLOYMENT_TARGET = 10.0;
				MACOSX_DEPLOYMENT_TARGET = 10.10;
				MTL_ENABLE_DEBUG_INFO = YES;
				ONLY_ACTIVE_ARCH = YES;
				SDKROOT = macosx;
				SWIFT_ACTIVE_COMPILATION_CONDITIONS = DEBUG;
				SWIFT_OPTIMIZATION_LEVEL = "-Onone";
			};
			name = Debug;
		};
		26910DC81F60B12100A82AF2 /* Release */ = {
			isa = XCBuildConfiguration;
			buildSettings = {
				ALWAYS_SEARCH_USER_PATHS = NO;
				CLANG_ANALYZER_NONNULL = YES;
				CLANG_ANALYZER_NUMBER_OBJECT_CONVERSION = YES_AGGRESSIVE;
				CLANG_CXX_LANGUAGE_STANDARD = "gnu++0x";
				CLANG_CXX_LIBRARY = "libc++";
				CLANG_ENABLE_MODULES = YES;
				CLANG_ENABLE_OBJC_ARC = YES;
				CLANG_WARN_BLOCK_CAPTURE_AUTORELEASING = YES;
				CLANG_WARN_BOOL_CONVERSION = YES;
				CLANG_WARN_COMMA = YES;
				CLANG_WARN_CONSTANT_CONVERSION = YES;
				CLANG_WARN_DIRECT_OBJC_ISA_USAGE = YES_ERROR;
				CLANG_WARN_DOCUMENTATION_COMMENTS = YES;
				CLANG_WARN_EMPTY_BODY = YES;
				CLANG_WARN_ENUM_CONVERSION = YES;
				CLANG_WARN_INFINITE_RECURSION = YES;
				CLANG_WARN_INT_CONVERSION = YES;
				CLANG_WARN_NON_LITERAL_NULL_CONVERSION = YES;
				CLANG_WARN_OBJC_LITERAL_CONVERSION = YES;
				CLANG_WARN_OBJC_ROOT_CLASS = YES_ERROR;
				CLANG_WARN_RANGE_LOOP_ANALYSIS = YES;
				CLANG_WARN_STRICT_PROTOTYPES = YES;
				CLANG_WARN_SUSPICIOUS_MOVE = YES;
				CLANG_WARN_UNREACHABLE_CODE = YES;
				CLANG_WARN__DUPLICATE_METHOD_MATCH = YES;
				CODE_SIGN_IDENTITY = "-";
				COPY_PHASE_STRIP = NO;
				DEBUG_INFORMATION_FORMAT = "dwarf-with-dsym";
				ENABLE_NS_ASSERTIONS = NO;
				ENABLE_STRICT_OBJC_MSGSEND = YES;
				GCC_C_LANGUAGE_STANDARD = gnu99;
				GCC_NO_COMMON_BLOCKS = YES;
				GCC_WARN_64_TO_32_BIT_CONVERSION = YES;
				GCC_WARN_ABOUT_RETURN_TYPE = YES_ERROR;
				GCC_WARN_UNDECLARED_SELECTOR = YES;
				GCC_WARN_UNINITIALIZED_AUTOS = YES_AGGRESSIVE;
				GCC_WARN_UNUSED_FUNCTION = YES;
				GCC_WARN_UNUSED_VARIABLE = YES;
				IPHONEOS_DEPLOYMENT_TARGET = 10.0;
				MACOSX_DEPLOYMENT_TARGET = 10.10;
				MTL_ENABLE_DEBUG_INFO = NO;
				SDKROOT = macosx;
				SWIFT_OPTIMIZATION_LEVEL = "-Owholemodule";
			};
			name = Release;
		};
		26910DCA1F60B12100A82AF2 /* Debug */ = {
			isa = XCBuildConfiguration;
			buildSettings = {
				ASSETCATALOG_COMPILER_APPICON_NAME = AppIcon;
				CODE_SIGN_IDENTITY = "Mac Developer";
				COMBINE_HIDPI_IMAGES = YES;
				DEVELOPMENT_TEAM = 2C25YQ4V5V;
				INFOPLIST_FILE = Countdowner/Info.plist;
				LD_RUNPATH_SEARCH_PATHS = "$(inherited) @executable_path/../Frameworks";
				MACOSX_DEPLOYMENT_TARGET = 10.10;
				PRODUCT_BUNDLE_IDENTIFIER = pt.rafaelalmeida.Countdowner;
				PRODUCT_NAME = "$(TARGET_NAME)";
				PROVISIONING_PROFILE_SPECIFIER = "";
				SWIFT_SWIFT3_OBJC_INFERENCE = Default;
				SWIFT_VERSION = 4.0;
			};
			name = Debug;
		};
		26910DCB1F60B12100A82AF2 /* Release */ = {
			isa = XCBuildConfiguration;
			buildSettings = {
				ASSETCATALOG_COMPILER_APPICON_NAME = AppIcon;
				CODE_SIGN_IDENTITY = "Mac Developer";
				COMBINE_HIDPI_IMAGES = YES;
				DEVELOPMENT_TEAM = 2C25YQ4V5V;
				INFOPLIST_FILE = Countdowner/Info.plist;
				LD_RUNPATH_SEARCH_PATHS = "$(inherited) @executable_path/../Frameworks";
				MACOSX_DEPLOYMENT_TARGET = 10.10;
				PRODUCT_BUNDLE_IDENTIFIER = pt.rafaelalmeida.Countdowner;
				PRODUCT_NAME = "$(TARGET_NAME)";
				PROVISIONING_PROFILE_SPECIFIER = "";
				SWIFT_SWIFT3_OBJC_INFERENCE = Default;
				SWIFT_VERSION = 4.0;
			};
			name = Release;
		};
		26FF992E201F421200E405A1 /* Debug */ = {
			isa = XCBuildConfiguration;
			buildSettings = {
				ASSETCATALOG_COMPILER_APPICON_NAME = AppIcon;
				CLANG_CXX_LANGUAGE_STANDARD = "gnu++14";
				CLANG_WARN_UNGUARDED_AVAILABILITY = YES_AGGRESSIVE;
				CODE_SIGN_IDENTITY = "iPhone Developer";
				CODE_SIGN_STYLE = Automatic;
				DEVELOPMENT_TEAM = 2C25YQ4V5V;
				GCC_C_LANGUAGE_STANDARD = gnu11;
				INFOPLIST_FILE = "Countdowner iOS/Info.plist";
				IPHONEOS_DEPLOYMENT_TARGET = 11.0;
				LD_RUNPATH_SEARCH_PATHS = "$(inherited) @executable_path/Frameworks";
				PRODUCT_BUNDLE_IDENTIFIER = "pt.rafaelalmeida.Countdowner-iOS";
				PRODUCT_NAME = "$(TARGET_NAME)";
				SDKROOT = iphoneos;
				SWIFT_VERSION = 4.0;
				TARGETED_DEVICE_FAMILY = "1,2";
			};
			name = Debug;
		};
		26FF992F201F421200E405A1 /* Release */ = {
			isa = XCBuildConfiguration;
			buildSettings = {
				ASSETCATALOG_COMPILER_APPICON_NAME = AppIcon;
				CLANG_CXX_LANGUAGE_STANDARD = "gnu++14";
				CLANG_WARN_UNGUARDED_AVAILABILITY = YES_AGGRESSIVE;
				CODE_SIGN_IDENTITY = "iPhone Developer";
				CODE_SIGN_STYLE = Automatic;
				DEVELOPMENT_TEAM = 2C25YQ4V5V;
				GCC_C_LANGUAGE_STANDARD = gnu11;
				INFOPLIST_FILE = "Countdowner iOS/Info.plist";
				IPHONEOS_DEPLOYMENT_TARGET = 11.0;
				LD_RUNPATH_SEARCH_PATHS = "$(inherited) @executable_path/Frameworks";
				PRODUCT_BUNDLE_IDENTIFIER = "pt.rafaelalmeida.Countdowner-iOS";
				PRODUCT_NAME = "$(TARGET_NAME)";
				SDKROOT = iphoneos;
				SWIFT_VERSION = 4.0;
				TARGETED_DEVICE_FAMILY = "1,2";
				VALIDATE_PRODUCT = YES;
			};
			name = Release;
		};
/* End XCBuildConfiguration section */

/* Begin XCConfigurationList section */
		26910DB51F60B12100A82AF2 /* Build configuration list for PBXProject "Countdowner" */ = {
			isa = XCConfigurationList;
			buildConfigurations = (
				26910DC71F60B12100A82AF2 /* Debug */,
				26910DC81F60B12100A82AF2 /* Release */,
			);
			defaultConfigurationIsVisible = 0;
			defaultConfigurationName = Release;
		};
		26910DC91F60B12100A82AF2 /* Build configuration list for PBXNativeTarget "Countdowner" */ = {
			isa = XCConfigurationList;
			buildConfigurations = (
				26910DCA1F60B12100A82AF2 /* Debug */,
				26910DCB1F60B12100A82AF2 /* Release */,
			);
			defaultConfigurationIsVisible = 0;
			defaultConfigurationName = Release;
		};
		26FF992D201F421200E405A1 /* Build configuration list for PBXNativeTarget "Countdowner iOS" */ = {
			isa = XCConfigurationList;
			buildConfigurations = (
				26FF992E201F421200E405A1 /* Debug */,
				26FF992F201F421200E405A1 /* Release */,
			);
			defaultConfigurationIsVisible = 0;
			defaultConfigurationName = Release;
		};
/* End XCConfigurationList section */
	};
	rootObject = 26910DB21F60B12100A82AF2 /* Project object */;
}
